
Microsoft Visual Studio Solution File, Format Version 12.00
# Visual Studio Version 16
VisualStudioVersion = 16.0.30523.141
MinimumVisualStudioVersion = 10.0.40219.1
Project("{FAE04EC0-301F-11D3-BF4B-00C04F79EFBC}") = "OrderFrom", "OrderFromCSharp\OrderFrom.csproj", "{54804F90-B3CC-4887-A4C2-11BB74808853}"
EndProject
Global
	GlobalSection(SolutionConfigurationPlatforms) = preSolution
		Debug|Any CPU = Debug|Any CPU
		Release|Any CPU = Release|Any CPU
	EndGlobalSection
	GlobalSection(ProjectConfigurationPlatforms) = postSolution
		{54804F90-B3CC-4887-A4C2-11BB74808853}.Debug|Any CPU.ActiveCfg = Debug|Any CPU
		{54804F90-B3CC-4887-A4C2-11BB74808853}.Debug|Any CPU.Build.0 = Debug|Any CPU
		{54804F90-B3CC-4887-A4C2-11BB74808853}.Release|Any CPU.ActiveCfg = Release|Any CPU
		{54804F90-B3CC-4887-A4C2-11BB74808853}.Release|Any CPU.Build.0 = Release|Any CPU
	EndGlobalSection
	GlobalSection(SolutionProperties) = preSolution
		HideSolutionNode = FALSE
	EndGlobalSection
	GlobalSection(ExtensibilityGlobals) = postSolution
		SolutionGuid = {31EFDFAE-0E27-4B35-907A-B6011C50D160}
	EndGlobalSection
EndGlobal
